
Microsoft Visual Studio Solution File, Format Version 12.00
# Visual Studio 15
VisualStudioVersion = 15.0.28307.705
MinimumVisualStudioVersion = 10.0.40219.1
Project("{FAE04EC0-301F-11D3-BF4B-00C04F79EFBC}") = "TimPhongTro", "TimPhongTro\TimPhongTro.csproj", "{2E871FB7-F5EB-4579-90BF-B15CF8EA5F58}"
EndProject
Global
	GlobalSection(SolutionConfigurationPlatforms) = preSolution
		Debug|Any CPU = Debug|Any CPU
		Release|Any CPU = Release|Any CPU
	EndGlobalSection
	GlobalSection(ProjectConfigurationPlatforms) = postSolution
		{2E871FB7-F5EB-4579-90BF-B15CF8EA5F58}.Debug|Any CPU.ActiveCfg = Debug|Any CPU
		{2E871FB7-F5EB-4579-90BF-B15CF8EA5F58}.Debug|Any CPU.Build.0 = Debug|Any CPU
		{2E871FB7-F5EB-4579-90BF-B15CF8EA5F58}.Release|Any CPU.ActiveCfg = Release|Any CPU
		{2E871FB7-F5EB-4579-90BF-B15CF8EA5F58}.Release|Any CPU.Build.0 = Release|Any CPU
	EndGlobalSection
	GlobalSection(SolutionProperties) = preSolution
		HideSolutionNode = FALSE
	EndGlobalSection
	GlobalSection(ExtensibilityGlobals) = postSolution
		SolutionGuid = {3A3758C4-47B8-4A7F-B1D6-CF6D70A8957B}
	EndGlobalSection
EndGlobal
